
Microsoft Visual Studio Solution File, Format Version 12.00
# Visual Studio 15
VisualStudioVersion = 15.0.27130.2027
MinimumVisualStudioVersion = 10.0.40219.1
Project("{9A19103F-16F7-4668-BE54-9A1E7A4F7556}") = "CurrencyCalculator.Xam", "CurrencyCalculator.Xam\CurrencyCalculator.Xam.csproj", "{E21B2FBE-2E28-449D-A1A0-2EB804AB5F20}"
EndProject
Project("{FAE04EC0-301F-11D3-BF4B-00C04F79EFBC}") = "CurrencyCalculator.Xam.Android", "CurrencyCalculator.Xam.Android\CurrencyCalculator.Xam.Android.csproj", "{73D9606C-1962-4FFD-B0B3-185FDED19B5D}"
EndProject
Project("{FAE04EC0-301F-11D3-BF4B-00C04F79EFBC}") = "CurrencyCalculator.Xam.iOS", "CurrencyCalculator.Xam.iOS\CurrencyCalculator.Xam.iOS.csproj", "{5C21E519-660C-4655-8BDC-39AE2699F870}"
EndProject
Project("{FAE04EC0-301F-11D3-BF4B-00C04F79EFBC}") = "CurrencyCalculator.Tests", "CurrencyCalculator.Tests\CurrencyCalculator.Tests.csproj", "{D3127B50-D530-4F82-9767-D86A38FE916C}"
EndProject
Global
	GlobalSection(SolutionConfigurationPlatforms) = preSolution
		Ad-Hoc|Any CPU = Ad-Hoc|Any CPU
		Ad-Hoc|iPhone = Ad-Hoc|iPhone
		Ad-Hoc|iPhoneSimulator = Ad-Hoc|iPhoneSimulator
		AppStore|Any CPU = AppStore|Any CPU
		AppStore|iPhone = AppStore|iPhone
		AppStore|iPhoneSimulator = AppStore|iPhoneSimulator
		Debug|Any CPU = Debug|Any CPU
		Debug|iPhone = Debug|iPhone
		Debug|iPhoneSimulator = Debug|iPhoneSimulator
		Release|Any CPU = Release|Any CPU
		Release|iPhone = Release|iPhone
		Release|iPhoneSimulator = Release|iPhoneSimulator
	EndGlobalSection
	GlobalSection(ProjectConfigurationPlatforms) = postSolution
		{E21B2FBE-2E28-449D-A1A0-2EB804AB5F20}.Ad-Hoc|Any CPU.ActiveCfg = Debug|Any CPU
		{E21B2FBE-2E28-449D-A1A0-2EB804AB5F20}.Ad-Hoc|Any CPU.Build.0 = Debug|Any CPU
		{E21B2FBE-2E28-449D-A1A0-2EB804AB5F20}.Ad-Hoc|iPhone.ActiveCfg = Debug|Any CPU
		{E21B2FBE-2E28-449D-A1A0-2EB804AB5F20}.Ad-Hoc|iPhone.Build.0 = Debug|Any CPU
		{E21B2FBE-2E28-449D-A1A0-2EB804AB5F20}.Ad-Hoc|iPhoneSimulator.ActiveCfg = Debug|Any CPU
		{E21B2FBE-2E28-449D-A1A0-2EB804AB5F20}.Ad-Hoc|iPhoneSimulator.Build.0 = Debug|Any CPU
		{E21B2FBE-2E28-449D-A1A0-2EB804AB5F20}.AppStore|Any CPU.ActiveCfg = Debug|Any CPU
		{E21B2FBE-2E28-449D-A1A0-2EB804AB5F20}.AppStore|Any CPU.Build.0 = Debug|Any CPU
		{E21B2FBE-2E28-449D-A1A0-2EB804AB5F20}.AppStore|iPhone.ActiveCfg = Debug|Any CPU
		{E21B2FBE-2E28-449D-A1A0-2EB804AB5F20}.AppStore|iPhone.Build.0 = Debug|Any CPU
		{E21B2FBE-2E28-449D-A1A0-2EB804AB5F20}.AppStore|iPhoneSimulator.ActiveCfg = Debug|Any CPU
		{E21B2FBE-2E28-449D-A1A0-2EB804AB5F20}.AppStore|iPhoneSimulator.Build.0 = Debug|Any CPU
		{E21B2FBE-2E28-449D-A1A0-2EB804AB5F20}.Debug|Any CPU.ActiveCfg = Debug|Any CPU
		{E21B2FBE-2E28-449D-A1A0-2EB804AB5F20}.Debug|Any CPU.Build.0 = Debug|Any CPU
		{E21B2FBE-2E28-449D-A1A0-2EB804AB5F20}.Debug|iPhone.ActiveCfg = Debug|Any CPU
		{E21B2FBE-2E28-449D-A1A0-2EB804AB5F20}.Debug|iPhone.Build.0 = Debug|Any CPU
		{E21B2FBE-2E28-449D-A1A0-2EB804AB5F20}.Debug|iPhoneSimulator.ActiveCfg = Debug|Any CPU
		{E21B2FBE-2E28-449D-A1A0-2EB804AB5F20}.Debug|iPhoneSimulator.Build.0 = Debug|Any CPU
		{E21B2FBE-2E28-449D-A1A0-2EB804AB5F20}.Release|Any CPU.ActiveCfg = Release|Any CPU
		{E21B2FBE-2E28-449D-A1A0-2EB804AB5F20}.Release|Any CPU.Build.0 = Release|Any CPU
		{E21B2FBE-2E28-449D-A1A0-2EB804AB5F20}.Release|iPhone.ActiveCfg = Release|Any CPU
		{E21B2FBE-2E28-449D-A1A0-2EB804AB5F20}.Release|iPhone.Build.0 = Release|Any CPU
		{E21B2FBE-2E28-449D-A1A0-2EB804AB5F20}.Release|iPhoneSimulator.ActiveCfg = Release|Any CPU
		{E21B2FBE-2E28-449D-A1A0-2EB804AB5F20}.Release|iPhoneSimulator.Build.0 = Release|Any CPU
		{73D9606C-1962-4FFD-B0B3-185FDED19B5D}.Ad-Hoc|Any CPU.ActiveCfg = Release|Any CPU
		{73D9606C-1962-4FFD-B0B3-185FDED19B5D}.Ad-Hoc|Any CPU.Build.0 = Release|Any CPU
		{73D9606C-1962-4FFD-B0B3-185FDED19B5D}.Ad-Hoc|Any CPU.Deploy.0 = Release|Any CPU
		{73D9606C-1962-4FFD-B0B3-185FDED19B5D}.Ad-Hoc|iPhone.ActiveCfg = Release|Any CPU
		{73D9606C-1962-4FFD-B0B3-185FDED19B5D}.Ad-Hoc|iPhone.Build.0 = Release|Any CPU
		{73D9606C-1962-4FFD-B0B3-185FDED19B5D}.Ad-Hoc|iPhone.Deploy.0 = Release|Any CPU
		{73D9606C-1962-4FFD-B0B3-185FDED19B5D}.Ad-Hoc|iPhoneSimulator.ActiveCfg = Release|Any CPU
		{73D9606C-1962-4FFD-B0B3-185FDED19B5D}.Ad-Hoc|iPhoneSimulator.Build.0 = Release|Any CPU
		{73D9606C-1962-4FFD-B0B3-185FDED19B5D}.Ad-Hoc|iPhoneSimulator.Deploy.0 = Release|Any CPU
		{73D9606C-1962-4FFD-B0B3-185FDED19B5D}.AppStore|Any CPU.ActiveCfg = Release|Any CPU
		{73D9606C-1962-4FFD-B0B3-185FDED19B5D}.AppStore|Any CPU.Build.0 = Release|Any CPU
		{73D9606C-1962-4FFD-B0B3-185FDED19B5D}.AppStore|Any CPU.Deploy.0 = Release|Any CPU
		{73D9606C-1962-4FFD-B0B3-185FDED19B5D}.AppStore|iPhone.ActiveCfg = Release|Any CPU
		{73D9606C-1962-4FFD-B0B3-185FDED19B5D}.AppStore|iPhone.Build.0 = Release|Any CPU
		{73D9606C-1962-4FFD-B0B3-185FDED19B5D}.AppStore|iPhone.Deploy.0 = Release|Any CPU
		{73D9606C-1962-4FFD-B0B3-185FDED19B5D}.AppStore|iPhoneSimulator.ActiveCfg = Release|Any CPU
		{73D9606C-1962-4FFD-B0B3-185FDED19B5D}.AppStore|iPhoneSimulator.Build.0 = Release|Any CPU
		{73D9606C-1962-4FFD-B0B3-185FDED19B5D}.AppStore|iPhoneSimulator.Deploy.0 = Release|Any CPU
		{73D9606C-1962-4FFD-B0B3-185FDED19B5D}.Debug|Any CPU.ActiveCfg = Debug|Any CPU
		{73D9606C-1962-4FFD-B0B3-185FDED19B5D}.Debug|Any CPU.Build.0 = Debug|Any CPU
		{73D9606C-1962-4FFD-B0B3-185FDED19B5D}.Debug|Any CPU.Deploy.0 = Debug|Any CPU
		{73D9606C-1962-4FFD-B0B3-185FDED19B5D}.Debug|iPhone.ActiveCfg = Debug|Any CPU
		{73D9606C-1962-4FFD-B0B3-185FDED19B5D}.Debug|iPhone.Build.0 = Debug|Any CPU
		{73D9606C-1962-4FFD-B0B3-185FDED19B5D}.Debug|iPhone.Deploy.0 = Debug|Any CPU
		{73D9606C-1962-4FFD-B0B3-185FDED19B5D}.Debug|iPhoneSimulator.ActiveCfg = Debug|Any CPU
		{73D9606C-1962-4FFD-B0B3-185FDED19B5D}.Debug|iPhoneSimulator.Build.0 = Debug|Any CPU
		{73D9606C-1962-4FFD-B0B3-185FDED19B5D}.Debug|iPhoneSimulator.Deploy.0 = Debug|Any CPU
		{73D9606C-1962-4FFD-B0B3-185FDED19B5D}.Release|Any CPU.ActiveCfg = Release|Any CPU
		{73D9606C-1962-4FFD-B0B3-185FDED19B5D}.Release|Any CPU.Build.0 = Release|Any CPU
		{73D9606C-1962-4FFD-B0B3-185FDED19B5D}.Release|Any CPU.Deploy.0 = Release|Any CPU
		{73D9606C-1962-4FFD-B0B3-185FDED19B5D}.Release|iPhone.ActiveCfg = Release|Any CPU
		{73D9606C-1962-4FFD-B0B3-185FDED19B5D}.Release|iPhone.Build.0 = Release|Any CPU
		{73D9606C-1962-4FFD-B0B3-185FDED19B5D}.Release|iPhone.Deploy.0 = Release|Any CPU
		{73D9606C-1962-4FFD-B0B3-185FDED19B5D}.Release|iPhoneSimulator.ActiveCfg = Release|Any CPU
		{73D9606C-1962-4FFD-B0B3-185FDED19B5D}.Release|iPhoneSimulator.Build.0 = Release|Any CPU
		{73D9606C-1962-4FFD-B0B3-185FDED19B5D}.Release|iPhoneSimulator.Deploy.0 = Release|Any CPU
		{5C21E519-660C-4655-8BDC-39AE2699F870}.Ad-Hoc|Any CPU.ActiveCfg = Ad-Hoc|iPhone
		{5C21E519-660C-4655-8BDC-39AE2699F870}.Ad-Hoc|iPhone.ActiveCfg = Ad-Hoc|iPhone
		{5C21E519-660C-4655-8BDC-39AE2699F870}.Ad-Hoc|iPhone.Build.0 = Ad-Hoc|iPhone
		{5C21E519-660C-4655-8BDC-39AE2699F870}.Ad-Hoc|iPhoneSimulator.ActiveCfg = Ad-Hoc|iPhoneSimulator
		{5C21E519-660C-4655-8BDC-39AE2699F870}.Ad-Hoc|iPhoneSimulator.Build.0 = Ad-Hoc|iPhoneSimulator
		{5C21E519-660C-4655-8BDC-39AE2699F870}.AppStore|Any CPU.ActiveCfg = AppStore|iPhone
		{5C21E519-660C-4655-8BDC-39AE2699F870}.AppStore|iPhone.ActiveCfg = AppStore|iPhone
		{5C21E519-660C-4655-8BDC-39AE2699F870}.AppStore|iPhone.Build.0 = AppStore|iPhone
		{5C21E519-660C-4655-8BDC-39AE2699F870}.AppStore|iPhoneSimulator.ActiveCfg = AppStore|iPhoneSimulator
		{5C21E519-660C-4655-8BDC-39AE2699F870}.AppStore|iPhoneSimulator.Build.0 = AppStore|iPhoneSimulator
		{5C21E519-660C-4655-8BDC-39AE2699F870}.Debug|Any CPU.ActiveCfg = Debug|iPhone
		{5C21E519-660C-4655-8BDC-39AE2699F870}.Debug|iPhone.ActiveCfg = Debug|iPhone
		{5C21E519-660C-4655-8BDC-39AE2699F870}.Debug|iPhone.Build.0 = Debug|iPhone
		{5C21E519-660C-4655-8BDC-39AE2699F870}.Debug|iPhoneSimulator.ActiveCfg = Debug|iPhoneSimulator
		{5C21E519-660C-4655-8BDC-39AE2699F870}.Debug|iPhoneSimulator.Build.0 = Debug|iPhoneSimulator
		{5C21E519-660C-4655-8BDC-39AE2699F870}.Release|Any CPU.ActiveCfg = Release|iPhone
		{5C21E519-660C-4655-8BDC-39AE2699F870}.Release|iPhone.ActiveCfg = Release|iPhone
		{5C21E519-660C-4655-8BDC-39AE2699F870}.Release|iPhone.Build.0 = Release|iPhone
		{5C21E519-660C-4655-8BDC-39AE2699F870}.Release|iPhoneSimulator.ActiveCfg = Release|iPhoneSimulator
		{5C21E519-660C-4655-8BDC-39AE2699F870}.Release|iPhoneSimulator.Build.0 = Release|iPhoneSimulator
		{D3127B50-D530-4F82-9767-D86A38FE916C}.Ad-Hoc|Any CPU.ActiveCfg = Debug|Any CPU
		{D3127B50-D530-4F82-9767-D86A38FE916C}.Ad-Hoc|Any CPU.Build.0 = Debug|Any CPU
		{D3127B50-D530-4F82-9767-D86A38FE916C}.Ad-Hoc|iPhone.ActiveCfg = Debug|Any CPU
		{D3127B50-D530-4F82-9767-D86A38FE916C}.Ad-Hoc|iPhone.Build.0 = Debug|Any CPU
		{D3127B50-D530-4F82-9767-D86A38FE916C}.Ad-Hoc|iPhoneSimulator.ActiveCfg = Debug|Any CPU
		{D3127B50-D530-4F82-9767-D86A38FE916C}.Ad-Hoc|iPhoneSimulator.Build.0 = Debug|Any CPU
		{D3127B50-D530-4F82-9767-D86A38FE916C}.AppStore|Any CPU.ActiveCfg = Debug|Any CPU
		{D3127B50-D530-4F82-9767-D86A38FE916C}.AppStore|Any CPU.Build.0 = Debug|Any CPU
		{D3127B50-D530-4F82-9767-D86A38FE916C}.AppStore|iPhone.ActiveCfg = Debug|Any CPU
		{D3127B50-D530-4F82-9767-D86A38FE916C}.AppStore|iPhone.Build.0 = Debug|Any CPU
		{D3127B50-D530-4F82-9767-D86A38FE916C}.AppStore|iPhoneSimulator.ActiveCfg = Debug|Any CPU
		{D3127B50-D530-4F82-9767-D86A38FE916C}.AppStore|iPhoneSimulator.Build.0 = Debug|Any CPU
		{D3127B50-D530-4F82-9767-D86A38FE916C}.Debug|Any CPU.ActiveCfg = Debug|Any CPU
		{D3127B50-D530-4F82-9767-D86A38FE916C}.Debug|Any CPU.Build.0 = Debug|Any CPU
		{D3127B50-D530-4F82-9767-D86A38FE916C}.Debug|iPhone.ActiveCfg = Debug|Any CPU
		{D3127B50-D530-4F82-9767-D86A38FE916C}.Debug|iPhone.Build.0 = Debug|Any CPU
		{D3127B50-D530-4F82-9767-D86A38FE916C}.Debug|iPhoneSimulator.ActiveCfg = Debug|Any CPU
		{D3127B50-D530-4F82-9767-D86A38FE916C}.Debug|iPhoneSimulator.Build.0 = Debug|Any CPU
		{D3127B50-D530-4F82-9767-D86A38FE916C}.Release|Any CPU.ActiveCfg = Release|Any CPU
		{D3127B50-D530-4F82-9767-D86A38FE916C}.Release|Any CPU.Build.0 = Release|Any CPU
		{D3127B50-D530-4F82-9767-D86A38FE916C}.Release|iPhone.ActiveCfg = Release|Any CPU
		{D3127B50-D530-4F82-9767-D86A38FE916C}.Release|iPhone.Build.0 = Release|Any CPU
		{D3127B50-D530-4F82-9767-D86A38FE916C}.Release|iPhoneSimulator.ActiveCfg = Release|Any CPU
		{D3127B50-D530-4F82-9767-D86A38FE916C}.Release|iPhoneSimulator.Build.0 = Release|Any CPU
	EndGlobalSection
	GlobalSection(SolutionProperties) = preSolution
		HideSolutionNode = FALSE
	EndGlobalSection
	GlobalSection(ExtensibilityGlobals) = postSolution
		SolutionGuid = {5FF43F68-45EF-481A-A4C5-5E7FBFB156B5}
	EndGlobalSection
EndGlobal
